
Microsoft Visual Studio Solution File, Format Version 12.00
# Visual Studio Version 17
VisualStudioVersion = 17.13.35913.81 d17.13
MinimumVisualStudioVersion = 10.0.40219.1
Project("{FAE04EC0-301F-11D3-BF4B-00C04F79EFBC}") = "Task-1-1-CoreConsoleApp", "Task-1-1-CoreConsoleApp\Task-1-1-CoreConsoleApp.csproj", "{9B3C486B-993C-4E28-ACC5-CC7C699ACED6}"
EndProject
Project("{FAE04EC0-301F-11D3-BF4B-00C04F79EFBC}") = "Task-1-2-Winform", "Task-1-2-Winform\Task-1-2-Winform.csproj", "{E7992007-9A10-4D14-92E6-CBBFDA3446C3}"
EndProject
Project("{FAE04EC0-301F-11D3-BF4B-00C04F79EFBC}") = "Task-1-3-WPF", "Task-1-3-WPF\Task-1-3-WPF.csproj", "{600E12D3-0A8E-4EED-A3A1-F9E085E723DA}"
EndProject
Project("{FAE04EC0-301F-11D3-BF4B-00C04F79EFBC}") = "Task-2-ClassLibrary", "Task-2-ClassLibrary\Task-2-ClassLibrary.csproj", "{197563F2-2761-4206-8F38-F3F7BC285409}"
EndProject
Global
	GlobalSection(SolutionConfigurationPlatforms) = preSolution
		Debug|Any CPU = Debug|Any CPU
		Release|Any CPU = Release|Any CPU
	EndGlobalSection
	GlobalSection(ProjectConfigurationPlatforms) = postSolution
		{9B3C486B-993C-4E28-ACC5-CC7C699ACED6}.Debug|Any CPU.ActiveCfg = Debug|Any CPU
		{9B3C486B-993C-4E28-ACC5-CC7C699ACED6}.Debug|Any CPU.Build.0 = Debug|Any CPU
		{9B3C486B-993C-4E28-ACC5-CC7C699ACED6}.Release|Any CPU.ActiveCfg = Release|Any CPU
		{9B3C486B-993C-4E28-ACC5-CC7C699ACED6}.Release|Any CPU.Build.0 = Release|Any CPU
		{E7992007-9A10-4D14-92E6-CBBFDA3446C3}.Debug|Any CPU.ActiveCfg = Debug|Any CPU
		{E7992007-9A10-4D14-92E6-CBBFDA3446C3}.Debug|Any CPU.Build.0 = Debug|Any CPU
		{E7992007-9A10-4D14-92E6-CBBFDA3446C3}.Release|Any CPU.ActiveCfg = Release|Any CPU
		{E7992007-9A10-4D14-92E6-CBBFDA3446C3}.Release|Any CPU.Build.0 = Release|Any CPU
		{600E12D3-0A8E-4EED-A3A1-F9E085E723DA}.Debug|Any CPU.ActiveCfg = Debug|Any CPU
		{600E12D3-0A8E-4EED-A3A1-F9E085E723DA}.Debug|Any CPU.Build.0 = Debug|Any CPU
		{600E12D3-0A8E-4EED-A3A1-F9E085E723DA}.Release|Any CPU.ActiveCfg = Release|Any CPU
		{600E12D3-0A8E-4EED-A3A1-F9E085E723DA}.Release|Any CPU.Build.0 = Release|Any CPU
		{197563F2-2761-4206-8F38-F3F7BC285409}.Debug|Any CPU.ActiveCfg = Debug|Any CPU
		{197563F2-2761-4206-8F38-F3F7BC285409}.Debug|Any CPU.Build.0 = Debug|Any CPU
		{197563F2-2761-4206-8F38-F3F7BC285409}.Release|Any CPU.ActiveCfg = Release|Any CPU
		{197563F2-2761-4206-8F38-F3F7BC285409}.Release|Any CPU.Build.0 = Release|Any CPU
	EndGlobalSection
	GlobalSection(SolutionProperties) = preSolution
		HideSolutionNode = FALSE
	EndGlobalSection
	GlobalSection(ExtensibilityGlobals) = postSolution
		SolutionGuid = {19715124-B99C-4B93-812B-0E08A70433B1}
	EndGlobalSection
EndGlobal
